
Microsoft Visual Studio Solution File, Format Version 10.00
# Visual C++ Express 2008
Project("{8BC9CEB8-8B4A-11D0-8D11-00A0C91BC942}") = "libfcache", "libfcache\libfcache.vcproj", "{3D19EAAD-9195-468B-BC5B-D147A89CA4F5}"
	ProjectSection(ProjectDependencies) = postProject
		{BD3A95FA-A3DE-4B79-A889-A7E5ECA4B69C} = {BD3A95FA-A3DE-4B79-A889-A7E5ECA4B69C}
		{2CC4A985-74E1-4194-98C7-0A2123615748} = {2CC4A985-74E1-4194-98C7-0A2123615748}
		{B9332DC8-7594-47DF-80C1-38922E0F4DFB} = {B9332DC8-7594-47DF-80C1-38922E0F4DFB}
	EndProjectSection
EndProject
Project("{8BC9CEB8-8B4A-11D0-8D11-00A0C91BC942}") = "libfguid", "libfguid\libfguid.vcproj", "{8C13E498-6369-4792-A0CF-B7134C54561B}"
	ProjectSection(ProjectDependencies) = postProject
		{BD3A95FA-A3DE-4B79-A889-A7E5ECA4B69C} = {BD3A95FA-A3DE-4B79-A889-A7E5ECA4B69C}
	EndProjectSection
EndProject
Project("{8BC9CEB8-8B4A-11D0-8D11-00A0C91BC942}") = "fvde_test_bit_stream", "fvde_test_bit_stream\fvde_test_bit_stream.vcproj", "{3461C1AF-3F77-429A-8553-369BB9F4B3EB}"
	ProjectSection(ProjectDependencies) = postProject
		{542112B5-4CA5-4EA9-B28D-0BACEFE72AC9} = {542112B5-4CA5-4EA9-B28D-0BACEFE72AC9}
		{BD3A95FA-A3DE-4B79-A889-A7E5ECA4B69C} = {BD3A95FA-A3DE-4B79-A889-A7E5ECA4B69C}
	EndProjectSection
EndProject
Project("{8BC9CEB8-8B4A-11D0-8D11-00A0C91BC942}") = "fvde_test_checksum", "fvde_test_checksum\fvde_test_checksum.vcproj", "{3BF3D2D0-BFD9-4FA8-8501-75CBB2097DAA}"
	ProjectSection(ProjectDependencies) = postProject
		{542112B5-4CA5-4EA9-B28D-0BACEFE72AC9} = {542112B5-4CA5-4EA9-B28D-0BACEFE72AC9}
		{BD3A95FA-A3DE-4B79-A889-A7E5ECA4B69C} = {BD3A95FA-A3DE-4B79-A889-A7E5ECA4B69C}
	EndProjectSection
EndProject
Project("{8BC9CEB8-8B4A-11D0-8D11-00A0C91BC942}") = "fvde_test_compression", "fvde_test_compression\fvde_test_compression.vcproj", "{BF82D180-7E2A-4A81-B91A-9AC177984BB0}"
	ProjectSection(ProjectDependencies) = postProject
		{542112B5-4CA5-4EA9-B28D-0BACEFE72AC9} = {542112B5-4CA5-4EA9-B28D-0BACEFE72AC9}
		{BD3A95FA-A3DE-4B79-A889-A7E5ECA4B69C} = {BD3A95FA-A3DE-4B79-A889-A7E5ECA4B69C}
	EndProjectSection
EndProject
Project("{8BC9CEB8-8B4A-11D0-8D11-00A0C91BC942}") = "fvde_test_deflate", "fvde_test_deflate\fvde_test_deflate.vcproj", "{F0B57900-443D-41BB-A913-8F7B1D4B17F5}"
	ProjectSection(ProjectDependencies) = postProject
		{5304AD69-D449-4589-B2C9-E4607E56A51D} = {5304AD69-D449-4589-B2C9-E4607E56A51D}
		{542112B5-4CA5-4EA9-B28D-0BACEFE72AC9} = {542112B5-4CA5-4EA9-B28D-0BACEFE72AC9}
		{BD3A95FA-A3DE-4B79-A889-A7E5ECA4B69C} = {BD3A95FA-A3DE-4B79-A889-A7E5ECA4B69C}
	EndProjectSection
EndProject
Project("{8BC9CEB8-8B4A-11D0-8D11-00A0C91BC942}") = "fvde_test_encrypted_metadata", "fvde_test_encrypted_metadata\fvde_test_encrypted_metadata.vcproj", "{169EE05B-772B-4AB3-8978-7764C658B985}"
	ProjectSection(ProjectDependencies) = postProject
		{B9332DC8-7594-47DF-80C1-38922E0F4DFB} = {B9332DC8-7594-47DF-80C1-38922E0F4DFB}
		{542112B5-4CA5-4EA9-B28D-0BACEFE72AC9} = {542112B5-4CA5-4EA9-B28D-0BACEFE72AC9}
		{BD3A95FA-A3DE-4B79-A889-A7E5ECA4B69C} = {BD3A95FA-A3DE-4B79-A889-A7E5ECA4B69C}
	EndProjectSection
EndProject
Project("{8BC9CEB8-8B4A-11D0-8D11-00A0C91BC942}") = "fvde_test_encryption_context", "fvde_test_encryption_context\fvde_test_encryption_context.vcproj", "{2B735B83-1DDC-43A6-8607-0ECA8B6CED3C}"
	ProjectSection(ProjectDependencies) = postProject
		{542112B5-4CA5-4EA9-B28D-0BACEFE72AC9} = {542112B5-4CA5-4EA9-B28D-0BACEFE72AC9}
		{BD3A95FA-A3DE-4B79-A889-A7E5ECA4B69C} = {BD3A95FA-A3DE-4B79-A889-A7E5ECA4B69C}
	EndProjectSection
EndProject
Project("{8BC9CEB8-8B4A-11D0-8D11-00A0C91BC942}") = "fvde_test_encryption_context_plist", "fvde_test_encryption_context_plist\fvde_test_encryption_context_plist.vcproj", "{8002CE15-A04F-485F-85D0-4E3FFC4BEFD2}"
	ProjectSection(ProjectDependencies) = postProject
		{542112B5-4CA5-4EA9-B28D-0BACEFE72AC9} = {542112B5-4CA5-4EA9-B28D-0BACEFE72AC9}
		{BD3A95FA-A3DE-4B79-A889-A7E5ECA4B69C} = {BD3A95FA-A3DE-4B79-A889-A7E5ECA4B69C}
	EndProjectSection
EndProject
Project("{8BC9CEB8-8B4A-11D0-8D11-00A0C91BC942}") = "fvde_test_error", "fvde_test_error\fvde_test_error.vcproj", "{113A9C16-D29F-4633-A3F2-D7ED2BCA2753}"
	ProjectSection(ProjectDependencies) = postProject
		{542112B5-4CA5-4EA9-B28D-0BACEFE72AC9} = {542112B5-4CA5-4EA9-B28D-0BACEFE72AC9}
	EndProjectSection
EndProject
Project("{8BC9CEB8-8B4A-11D0-8D11-00A0C91BC942}") = "fvde_test_huffman_tree", "fvde_test_huffman_tree\fvde_test_huffman_tree.vcproj", "{5C9F43AA-B83C-4221-90AD-853ABFD0D684}"
	ProjectSection(ProjectDependencies) = postProject
		{542112B5-4CA5-4EA9-B28D-0BACEFE72AC9} = {542112B5-4CA5-4EA9-B28D-0BACEFE72AC9}
		{BD3A95FA-A3DE-4B79-A889-A7E5ECA4B69C} = {BD3A95FA-A3DE-4B79-A889-A7E5ECA4B69C}
	EndProjectSection
EndProject
Project("{8BC9CEB8-8B4A-11D0-8D11-00A0C91BC942}") = "fvde_test_io_handle", "fvde_test_io_handle\fvde_test_io_handle.vcproj", "{3C1B03C4-28B2-4265-B411-C6E25D6234E2}"
	ProjectSection(ProjectDependencies) = postProject
		{542112B5-4CA5-4EA9-B28D-0BACEFE72AC9} = {542112B5-4CA5-4EA9-B28D-0BACEFE72AC9}
		{BD3A95FA-A3DE-4B79-A889-A7E5ECA4B69C} = {BD3A95FA-A3DE-4B79-A889-A7E5ECA4B69C}
	EndProjectSection
EndProject
Project("{8BC9CEB8-8B4A-11D0-8D11-00A0C91BC942}") = "fvde_test_keyring", "fvde_test_keyring\fvde_test_keyring.vcproj", "{7AA6780C-6AB7-473C-B1DE-CF0FB4C3C1DE}"
	ProjectSection(ProjectDependencies) = postProject
		{542112B5-4CA5-4EA9-B28D-0BACEFE72AC9} = {542112B5-4CA5-4EA9-B28D-0BACEFE72AC9}
		{BD3A95FA-A3DE-4B79-A889-A7E5ECA4B69C} = {BD3A95FA-A3DE-4B79-A889-A7E5ECA4B69C}
	EndProjectSection
EndProject
Project("{8BC9CEB8-8B4A-11D0-8D11-00A0C91BC942}") = "fvde_test_logical_volume", "fvde_test_logical_volume\fvde_test_logical_volume.vcproj", "{58C764F2-E6FC-4616-9434-31A02BD81F38}"
	ProjectSection(ProjectDependencies) = postProject
		{542112B5-4CA5-4EA9-B28D-0BACEFE72AC9} = {542112B5-4CA5-4EA9-B28D-0BACEFE72AC9}
		{BD3A95FA-A3DE-4B79-A889-A7E5ECA4B69C} = {BD3A95FA-A3DE-4B79-A889-A7E5ECA4B69C}
	EndProjectSection
EndProject
Project("{8BC9CEB8-8B4A-11D0-8D11-00A0C91BC942}") = "fvde_test_logical_volume_descriptor", "fvde_test_logical_volume_descriptor\fvde_test_logical_volume_descriptor.vcproj", "{E7B5372C-D45E-428E-B633-130CDB0ADFF7}"
	ProjectSection(ProjectDependencies) = postProject
		{542112B5-4CA5-4EA9-B28D-0BACEFE72AC9} = {542112B5-4CA5-4EA9-B28D-0BACEFE72AC9}
		{BD3A95FA-A3DE-4B79-A889-A7E5ECA4B69C} = {BD3A95FA-A3DE-4B79-A889-A7E5ECA4B69C}
	EndProjectSection
EndProject
Project("{8BC9CEB8-8B4A-11D0-8D11-00A0C91BC942}") = "fvde_test_metadata", "fvde_test_metadata\fvde_test_metadata.vcproj", "{EA08FBDC-2AC1-4736-856B-30AF3B884ADC}"
	ProjectSection(ProjectDependencies) = postProject
		{542112B5-4CA5-4EA9-B28D-0BACEFE72AC9} = {542112B5-4CA5-4EA9-B28D-0BACEFE72AC9}
		{BD3A95FA-A3DE-4B79-A889-A7E5ECA4B69C} = {BD3A95FA-A3DE-4B79-A889-A7E5ECA4B69C}
	EndProjectSection
EndProject
Project("{8BC9CEB8-8B4A-11D0-8D11-00A0C91BC942}") = "fvde_test_metadata_block", "fvde_test_metadata_block\fvde_test_metadata_block.vcproj", "{7BA02380-21A7-42E3-9D7B-1F13DEE206D3}"
	ProjectSection(ProjectDependencies) = postProject
		{542112B5-4CA5-4EA9-B28D-0BACEFE72AC9} = {542112B5-4CA5-4EA9-B28D-0BACEFE72AC9}
		{BD3A95FA-A3DE-4B79-A889-A7E5ECA4B69C} = {BD3A95FA-A3DE-4B79-A889-A7E5ECA4B69C}
	EndProjectSection
EndProject
Project("{8BC9CEB8-8B4A-11D0-8D11-00A0C91BC942}") = "fvde_test_notify", "fvde_test_notify\fvde_test_notify.vcproj", "{AF41FB39-005C-4A4E-AEBC-03A01F26E38D}"
	ProjectSection(ProjectDependencies) = postProject
		{542112B5-4CA5-4EA9-B28D-0BACEFE72AC9} = {542112B5-4CA5-4EA9-B28D-0BACEFE72AC9}
		{BD3A95FA-A3DE-4B79-A889-A7E5ECA4B69C} = {BD3A95FA-A3DE-4B79-A889-A7E5ECA4B69C}
	EndProjectSection
EndProject
Project("{8BC9CEB8-8B4A-11D0-8D11-00A0C91BC942}") = "fvde_test_physical_volume", "fvde_test_physical_volume\fvde_test_physical_volume.vcproj", "{970D5201-D5F3-4F0C-B3A1-935B5CBE7ED9}"
	ProjectSection(ProjectDependencies) = postProject
		{542112B5-4CA5-4EA9-B28D-0BACEFE72AC9} = {542112B5-4CA5-4EA9-B28D-0BACEFE72AC9}
		{BD3A95FA-A3DE-4B79-A889-A7E5ECA4B69C} = {BD3A95FA-A3DE-4B79-A889-A7E5ECA4B69C}
	EndProjectSection
EndProject
Project("{8BC9CEB8-8B4A-11D0-8D11-00A0C91BC942}") = "fvde_test_physical_volume_descriptor", "fvde_test_physical_volume_descriptor\fvde_test_physical_volume_descriptor.vcproj", "{8166485A-9438-443D-AB48-0215F829DE16}"
	ProjectSection(ProjectDependencies) = postProject
		{542112B5-4CA5-4EA9-B28D-0BACEFE72AC9} = {542112B5-4CA5-4EA9-B28D-0BACEFE72AC9}
		{BD3A95FA-A3DE-4B79-A889-A7E5ECA4B69C} = {BD3A95FA-A3DE-4B79-A889-A7E5ECA4B69C}
	EndProjectSection
EndProject
Project("{8BC9CEB8-8B4A-11D0-8D11-00A0C91BC942}") = "fvde_test_sector_data", "fvde_test_sector_data\fvde_test_sector_data.vcproj", "{B9769032-481B-4A3C-B446-8670D4D89E4E}"
	ProjectSection(ProjectDependencies) = postProject
		{542112B5-4CA5-4EA9-B28D-0BACEFE72AC9} = {542112B5-4CA5-4EA9-B28D-0BACEFE72AC9}
		{BD3A95FA-A3DE-4B79-A889-A7E5ECA4B69C} = {BD3A95FA-A3DE-4B79-A889-A7E5ECA4B69C}
	EndProjectSection
EndProject
Project("{8BC9CEB8-8B4A-11D0-8D11-00A0C91BC942}") = "fvde_test_segment_descriptor", "fvde_test_segment_descriptor\fvde_test_segment_descriptor.vcproj", "{0AE7208E-9D33-42C3-A958-ECEAAE2FFDF9}"
	ProjectSection(ProjectDependencies) = postProject
		{542112B5-4CA5-4EA9-B28D-0BACEFE72AC9} = {542112B5-4CA5-4EA9-B28D-0BACEFE72AC9}
		{BD3A95FA-A3DE-4B79-A889-A7E5ECA4B69C} = {BD3A95FA-A3DE-4B79-A889-A7E5ECA4B69C}
	EndProjectSection
EndProject
Project("{8BC9CEB8-8B4A-11D0-8D11-00A0C91BC942}") = "fvde_test_support", "fvde_test_support\fvde_test_support.vcproj", "{981FC3E7-933E-4A57-8DAF-AF571C483F41}"
	ProjectSection(ProjectDependencies) = postProject
		{41CFAFBF-A1C8-4704-AFEF-31979E6452B9} = {41CFAFBF-A1C8-4704-AFEF-31979E6452B9}
		{3FFB9C05-1145-45A7-9ADE-5C8D70FBD7CA} = {3FFB9C05-1145-45A7-9ADE-5C8D70FBD7CA}
		{4C93BDD3-1804-47F3-9B34-F2DE0CAE1AE0} = {4C93BDD3-1804-47F3-9B34-F2DE0CAE1AE0}
		{BC27FF34-C859-4A1A-95D6-FC89952E1910} = {BC27FF34-C859-4A1A-95D6-FC89952E1910}
		{B86FB73A-4ACC-42DE-9545-586D93955B06} = {B86FB73A-4ACC-42DE-9545-586D93955B06}
		{5304AD69-D449-4589-B2C9-E4607E56A51D} = {5304AD69-D449-4589-B2C9-E4607E56A51D}
		{CEDF8919-00B2-4D8A-88CC-84ADB2D2FF89} = {CEDF8919-00B2-4D8A-88CC-84ADB2D2FF89}
		{B9332DC8-7594-47DF-80C1-38922E0F4DFB} = {B9332DC8-7594-47DF-80C1-38922E0F4DFB}
		{542112B5-4CA5-4EA9-B28D-0BACEFE72AC9} = {542112B5-4CA5-4EA9-B28D-0BACEFE72AC9}
		{BD3A95FA-A3DE-4B79-A889-A7E5ECA4B69C} = {BD3A95FA-A3DE-4B79-A889-A7E5ECA4B69C}
	EndProjectSection
EndProject
Project("{8BC9CEB8-8B4A-11D0-8D11-00A0C91BC942}") = "fvde_test_tools_output", "fvde_test_tools_output\fvde_test_tools_output.vcproj", "{9385BA1E-9F23-4096-AB4E-9E07A4FF6C46}"
	ProjectSection(ProjectDependencies) = postProject
		{542112B5-4CA5-4EA9-B28D-0BACEFE72AC9} = {542112B5-4CA5-4EA9-B28D-0BACEFE72AC9}
		{BD3A95FA-A3DE-4B79-A889-A7E5ECA4B69C} = {BD3A95FA-A3DE-4B79-A889-A7E5ECA4B69C}
	EndProjectSection
EndProject
Project("{8BC9CEB8-8B4A-11D0-8D11-00A0C91BC942}") = "fvde_test_tools_signal", "fvde_test_tools_signal\fvde_test_tools_signal.vcproj", "{CE7963A8-5F02-480C-A65F-C4708675F745}"
	ProjectSection(ProjectDependencies) = postProject
		{542112B5-4CA5-4EA9-B28D-0BACEFE72AC9} = {542112B5-4CA5-4EA9-B28D-0BACEFE72AC9}
		{BD3A95FA-A3DE-4B79-A889-A7E5ECA4B69C} = {BD3A95FA-A3DE-4B79-A889-A7E5ECA4B69C}
	EndProjectSection
EndProject
Project("{8BC9CEB8-8B4A-11D0-8D11-00A0C91BC942}") = "fvde_test_volume", "fvde_test_volume\fvde_test_volume.vcproj", "{BF36B0A6-F5E0-4DE6-B9DF-A6197D6B8868}"
	ProjectSection(ProjectDependencies) = postProject
		{41CFAFBF-A1C8-4704-AFEF-31979E6452B9} = {41CFAFBF-A1C8-4704-AFEF-31979E6452B9}
		{3FFB9C05-1145-45A7-9ADE-5C8D70FBD7CA} = {3FFB9C05-1145-45A7-9ADE-5C8D70FBD7CA}
		{4C93BDD3-1804-47F3-9B34-F2DE0CAE1AE0} = {4C93BDD3-1804-47F3-9B34-F2DE0CAE1AE0}
		{BC27FF34-C859-4A1A-95D6-FC89952E1910} = {BC27FF34-C859-4A1A-95D6-FC89952E1910}
		{B86FB73A-4ACC-42DE-9545-586D93955B06} = {B86FB73A-4ACC-42DE-9545-586D93955B06}
		{5304AD69-D449-4589-B2C9-E4607E56A51D} = {5304AD69-D449-4589-B2C9-E4607E56A51D}
		{CEDF8919-00B2-4D8A-88CC-84ADB2D2FF89} = {CEDF8919-00B2-4D8A-88CC-84ADB2D2FF89}
		{B9332DC8-7594-47DF-80C1-38922E0F4DFB} = {B9332DC8-7594-47DF-80C1-38922E0F4DFB}
		{542112B5-4CA5-4EA9-B28D-0BACEFE72AC9} = {542112B5-4CA5-4EA9-B28D-0BACEFE72AC9}
		{2CC4A985-74E1-4194-98C7-0A2123615748} = {2CC4A985-74E1-4194-98C7-0A2123615748}
		{BD3A95FA-A3DE-4B79-A889-A7E5ECA4B69C} = {BD3A95FA-A3DE-4B79-A889-A7E5ECA4B69C}
	EndProjectSection
EndProject
Project("{8BC9CEB8-8B4A-11D0-8D11-00A0C91BC942}") = "fvde_test_volume_data_handle", "fvde_test_volume_data_handle\fvde_test_volume_data_handle.vcproj", "{F44C582A-8EAB-433E-ADB7-478FFEF63D88}"
	ProjectSection(ProjectDependencies) = postProject
		{542112B5-4CA5-4EA9-B28D-0BACEFE72AC9} = {542112B5-4CA5-4EA9-B28D-0BACEFE72AC9}
		{BD3A95FA-A3DE-4B79-A889-A7E5ECA4B69C} = {BD3A95FA-A3DE-4B79-A889-A7E5ECA4B69C}
	EndProjectSection
EndProject
Project("{8BC9CEB8-8B4A-11D0-8D11-00A0C91BC942}") = "fvde_test_volume_group", "fvde_test_volume_group\fvde_test_volume_group.vcproj", "{086B0679-3ABC-4DA9-A83C-ACE07E944E69}"
	ProjectSection(ProjectDependencies) = postProject
		{542112B5-4CA5-4EA9-B28D-0BACEFE72AC9} = {542112B5-4CA5-4EA9-B28D-0BACEFE72AC9}
		{BD3A95FA-A3DE-4B79-A889-A7E5ECA4B69C} = {BD3A95FA-A3DE-4B79-A889-A7E5ECA4B69C}
	EndProjectSection
EndProject
Project("{8BC9CEB8-8B4A-11D0-8D11-00A0C91BC942}") = "fvde_test_volume_header", "fvde_test_volume_header\fvde_test_volume_header.vcproj", "{19B335CD-1089-446C-87AD-D1EC00CCB3D4}"
	ProjectSection(ProjectDependencies) = postProject
		{41CFAFBF-A1C8-4704-AFEF-31979E6452B9} = {41CFAFBF-A1C8-4704-AFEF-31979E6452B9}
		{3FFB9C05-1145-45A7-9ADE-5C8D70FBD7CA} = {3FFB9C05-1145-45A7-9ADE-5C8D70FBD7CA}
		{4C93BDD3-1804-47F3-9B34-F2DE0CAE1AE0} = {4C93BDD3-1804-47F3-9B34-F2DE0CAE1AE0}
		{BC27FF34-C859-4A1A-95D6-FC89952E1910} = {BC27FF34-C859-4A1A-95D6-FC89952E1910}
		{B86FB73A-4ACC-42DE-9545-586D93955B06} = {B86FB73A-4ACC-42DE-9545-586D93955B06}
		{5304AD69-D449-4589-B2C9-E4607E56A51D} = {5304AD69-D449-4589-B2C9-E4607E56A51D}
		{CEDF8919-00B2-4D8A-88CC-84ADB2D2FF89} = {CEDF8919-00B2-4D8A-88CC-84ADB2D2FF89}
		{B9332DC8-7594-47DF-80C1-38922E0F4DFB} = {B9332DC8-7594-47DF-80C1-38922E0F4DFB}
		{542112B5-4CA5-4EA9-B28D-0BACEFE72AC9} = {542112B5-4CA5-4EA9-B28D-0BACEFE72AC9}
		{BD3A95FA-A3DE-4B79-A889-A7E5ECA4B69C} = {BD3A95FA-A3DE-4B79-A889-A7E5ECA4B69C}
	EndProjectSection
EndProject
Project("{8BC9CEB8-8B4A-11D0-8D11-00A0C91BC942}") = "libclocale", "libclocale\libclocale.vcproj", "{CEDF8919-00B2-4D8A-88CC-84ADB2D2FF89}"
	ProjectSection(ProjectDependencies) = postProject
		{BD3A95FA-A3DE-4B79-A889-A7E5ECA4B69C} = {BD3A95FA-A3DE-4B79-A889-A7E5ECA4B69C}
	EndProjectSection
EndProject
Project("{8BC9CEB8-8B4A-11D0-8D11-00A0C91BC942}") = "libbfio", "libbfio\libbfio.vcproj", "{41CFAFBF-A1C8-4704-AFEF-31979E6452B9}"
	ProjectSection(ProjectDependencies) = postProject
		{BD3A95FA-A3DE-4B79-A889-A7E5ECA4B69C} = {BD3A95FA-A3DE-4B79-A889-A7E5ECA4B69C}
		{2CC4A985-74E1-4194-98C7-0A2123615748} = {2CC4A985-74E1-4194-98C7-0A2123615748}
		{CEDF8919-00B2-4D8A-88CC-84ADB2D2FF89} = {CEDF8919-00B2-4D8A-88CC-84ADB2D2FF89}
		{5304AD69-D449-4589-B2C9-E4607E56A51D} = {5304AD69-D449-4589-B2C9-E4607E56A51D}
		{B9332DC8-7594-47DF-80C1-38922E0F4DFB} = {B9332DC8-7594-47DF-80C1-38922E0F4DFB}
		{B86FB73A-4ACC-42DE-9545-586D93955B06} = {B86FB73A-4ACC-42DE-9545-586D93955B06}
		{4C93BDD3-1804-47F3-9B34-F2DE0CAE1AE0} = {4C93BDD3-1804-47F3-9B34-F2DE0CAE1AE0}
		{3FFB9C05-1145-45A7-9ADE-5C8D70FBD7CA} = {3FFB9C05-1145-45A7-9ADE-5C8D70FBD7CA}
		{BC27FF34-C859-4A1A-95D6-FC89952E1910} = {BC27FF34-C859-4A1A-95D6-FC89952E1910}
	EndProjectSection
EndProject
Project("{8BC9CEB8-8B4A-11D0-8D11-00A0C91BC942}") = "libcaes", "libcaes\libcaes.vcproj", "{E2E45353-D420-4921-A2CF-59D9047262F8}"
	ProjectSection(ProjectDependencies) = postProject
		{BD3A95FA-A3DE-4B79-A889-A7E5ECA4B69C} = {BD3A95FA-A3DE-4B79-A889-A7E5ECA4B69C}
	EndProjectSection
EndProject
Project("{8BC9CEB8-8B4A-11D0-8D11-00A0C91BC942}") = "libfplist", "libfplist\libfplist.vcproj", "{062E5AF8-1380-4E56-B380-03408D236C80}"
	ProjectSection(ProjectDependencies) = postProject
		{BD3A95FA-A3DE-4B79-A889-A7E5ECA4B69C} = {BD3A95FA-A3DE-4B79-A889-A7E5ECA4B69C}
		{B9332DC8-7594-47DF-80C1-38922E0F4DFB} = {B9332DC8-7594-47DF-80C1-38922E0F4DFB}
		{5304AD69-D449-4589-B2C9-E4607E56A51D} = {5304AD69-D449-4589-B2C9-E4607E56A51D}
		{BC27FF34-C859-4A1A-95D6-FC89952E1910} = {BC27FF34-C859-4A1A-95D6-FC89952E1910}
		{8C13E498-6369-4792-A0CF-B7134C54561B} = {8C13E498-6369-4792-A0CF-B7134C54561B}
		{5B2101CC-F4B7-49C3-99B7-32D5D3F3CC66} = {5B2101CC-F4B7-49C3-99B7-32D5D3F3CC66}
	EndProjectSection
EndProject
Project("{8BC9CEB8-8B4A-11D0-8D11-00A0C91BC942}") = "libcfile", "libcfile\libcfile.vcproj", "{4C93BDD3-1804-47F3-9B34-F2DE0CAE1AE0}"
	ProjectSection(ProjectDependencies) = postProject
		{BD3A95FA-A3DE-4B79-A889-A7E5ECA4B69C} = {BD3A95FA-A3DE-4B79-A889-A7E5ECA4B69C}
		{CEDF8919-00B2-4D8A-88CC-84ADB2D2FF89} = {CEDF8919-00B2-4D8A-88CC-84ADB2D2FF89}
		{5304AD69-D449-4589-B2C9-E4607E56A51D} = {5304AD69-D449-4589-B2C9-E4607E56A51D}
		{BC27FF34-C859-4A1A-95D6-FC89952E1910} = {BC27FF34-C859-4A1A-95D6-FC89952E1910}
	EndProjectSection
EndProject
Project("{8BC9CEB8-8B4A-11D0-8D11-00A0C91BC942}") = "libcthreads", "libcthreads\libcthreads.vcproj", "{2CC4A985-74E1-4194-98C7-0A2123615748}"
	ProjectSection(ProjectDependencies) = postProject
		{BD3A95FA-A3DE-4B79-A889-A7E5ECA4B69C} = {BD3A95FA-A3DE-4B79-A889-A7E5ECA4B69C}
	EndProjectSection
EndProject
Project("{8BC9CEB8-8B4A-11D0-8D11-00A0C91BC942}") = "fvdeinfo", "fvdeinfo\fvdeinfo.vcproj", "{A7545354-5D50-49F6-A3D0-1F97F6228955}"
	ProjectSection(ProjectDependencies) = postProject
		{8C13E498-6369-4792-A0CF-B7134C54561B} = {8C13E498-6369-4792-A0CF-B7134C54561B}
		{41CFAFBF-A1C8-4704-AFEF-31979E6452B9} = {41CFAFBF-A1C8-4704-AFEF-31979E6452B9}
		{3FFB9C05-1145-45A7-9ADE-5C8D70FBD7CA} = {3FFB9C05-1145-45A7-9ADE-5C8D70FBD7CA}
		{4C93BDD3-1804-47F3-9B34-F2DE0CAE1AE0} = {4C93BDD3-1804-47F3-9B34-F2DE0CAE1AE0}
		{BC27FF34-C859-4A1A-95D6-FC89952E1910} = {BC27FF34-C859-4A1A-95D6-FC89952E1910}
		{B86FB73A-4ACC-42DE-9545-586D93955B06} = {B86FB73A-4ACC-42DE-9545-586D93955B06}
		{B9332DC8-7594-47DF-80C1-38922E0F4DFB} = {B9332DC8-7594-47DF-80C1-38922E0F4DFB}
		{542112B5-4CA5-4EA9-B28D-0BACEFE72AC9} = {542112B5-4CA5-4EA9-B28D-0BACEFE72AC9}
		{5304AD69-D449-4589-B2C9-E4607E56A51D} = {5304AD69-D449-4589-B2C9-E4607E56A51D}
		{CEDF8919-00B2-4D8A-88CC-84ADB2D2FF89} = {CEDF8919-00B2-4D8A-88CC-84ADB2D2FF89}
		{BD3A95FA-A3DE-4B79-A889-A7E5ECA4B69C} = {BD3A95FA-A3DE-4B79-A889-A7E5ECA4B69C}
	EndProjectSection
EndProject
Project("{8BC9CEB8-8B4A-11D0-8D11-00A0C91BC942}") = "fvdemount", "fvdemount\fvdemount.vcproj", "{E00F6D5D-CA13-4CB1-AC3C-BA96B517FCFD}"
	ProjectSection(ProjectDependencies) = postProject
		{41CFAFBF-A1C8-4704-AFEF-31979E6452B9} = {41CFAFBF-A1C8-4704-AFEF-31979E6452B9}
		{3FFB9C05-1145-45A7-9ADE-5C8D70FBD7CA} = {3FFB9C05-1145-45A7-9ADE-5C8D70FBD7CA}
		{4C93BDD3-1804-47F3-9B34-F2DE0CAE1AE0} = {4C93BDD3-1804-47F3-9B34-F2DE0CAE1AE0}
		{BC27FF34-C859-4A1A-95D6-FC89952E1910} = {BC27FF34-C859-4A1A-95D6-FC89952E1910}
		{B86FB73A-4ACC-42DE-9545-586D93955B06} = {B86FB73A-4ACC-42DE-9545-586D93955B06}
		{B9332DC8-7594-47DF-80C1-38922E0F4DFB} = {B9332DC8-7594-47DF-80C1-38922E0F4DFB}
		{542112B5-4CA5-4EA9-B28D-0BACEFE72AC9} = {542112B5-4CA5-4EA9-B28D-0BACEFE72AC9}
		{5304AD69-D449-4589-B2C9-E4607E56A51D} = {5304AD69-D449-4589-B2C9-E4607E56A51D}
		{CEDF8919-00B2-4D8A-88CC-84ADB2D2FF89} = {CEDF8919-00B2-4D8A-88CC-84ADB2D2FF89}
		{BD3A95FA-A3DE-4B79-A889-A7E5ECA4B69C} = {BD3A95FA-A3DE-4B79-A889-A7E5ECA4B69C}
	EndProjectSection
EndProject
Project("{8BC9CEB8-8B4A-11D0-8D11-00A0C91BC942}") = "fvdewipekey", "fvdewipekey\fvdewipekey.vcproj", "{E7DDE1A9-2B57-4167-956D-4FE4F2E065A1}"
	ProjectSection(ProjectDependencies) = postProject
		{E2E45353-D420-4921-A2CF-59D9047262F8} = {E2E45353-D420-4921-A2CF-59D9047262F8}
		{41CFAFBF-A1C8-4704-AFEF-31979E6452B9} = {41CFAFBF-A1C8-4704-AFEF-31979E6452B9}
		{3FFB9C05-1145-45A7-9ADE-5C8D70FBD7CA} = {3FFB9C05-1145-45A7-9ADE-5C8D70FBD7CA}
		{4C93BDD3-1804-47F3-9B34-F2DE0CAE1AE0} = {4C93BDD3-1804-47F3-9B34-F2DE0CAE1AE0}
		{BC27FF34-C859-4A1A-95D6-FC89952E1910} = {BC27FF34-C859-4A1A-95D6-FC89952E1910}
		{B86FB73A-4ACC-42DE-9545-586D93955B06} = {B86FB73A-4ACC-42DE-9545-586D93955B06}
		{B9332DC8-7594-47DF-80C1-38922E0F4DFB} = {B9332DC8-7594-47DF-80C1-38922E0F4DFB}
		{542112B5-4CA5-4EA9-B28D-0BACEFE72AC9} = {542112B5-4CA5-4EA9-B28D-0BACEFE72AC9}
		{5304AD69-D449-4589-B2C9-E4607E56A51D} = {5304AD69-D449-4589-B2C9-E4607E56A51D}
		{CEDF8919-00B2-4D8A-88CC-84ADB2D2FF89} = {CEDF8919-00B2-4D8A-88CC-84ADB2D2FF89}
		{BD3A95FA-A3DE-4B79-A889-A7E5ECA4B69C} = {BD3A95FA-A3DE-4B79-A889-A7E5ECA4B69C}
	EndProjectSection
EndProject
Project("{8BC9CEB8-8B4A-11D0-8D11-00A0C91BC942}") = "libcpath", "libcpath\libcpath.vcproj", "{3FFB9C05-1145-45A7-9ADE-5C8D70FBD7CA}"
	ProjectSection(ProjectDependencies) = postProject
		{BD3A95FA-A3DE-4B79-A889-A7E5ECA4B69C} = {BD3A95FA-A3DE-4B79-A889-A7E5ECA4B69C}
		{CEDF8919-00B2-4D8A-88CC-84ADB2D2FF89} = {CEDF8919-00B2-4D8A-88CC-84ADB2D2FF89}
		{B86FB73A-4ACC-42DE-9545-586D93955B06} = {B86FB73A-4ACC-42DE-9545-586D93955B06}
		{BC27FF34-C859-4A1A-95D6-FC89952E1910} = {BC27FF34-C859-4A1A-95D6-FC89952E1910}
	EndProjectSection
EndProject
Project("{8BC9CEB8-8B4A-11D0-8D11-00A0C91BC942}") = "libhmac", "libhmac\libhmac.vcproj", "{D6DC307C-0CA0-4144-BB19-9C43B476280F}"
	ProjectSection(ProjectDependencies) = postProject
		{BD3A95FA-A3DE-4B79-A889-A7E5ECA4B69C} = {BD3A95FA-A3DE-4B79-A889-A7E5ECA4B69C}
	EndProjectSection
EndProject
Project("{8BC9CEB8-8B4A-11D0-8D11-00A0C91BC942}") = "libuna", "libuna\libuna.vcproj", "{BC27FF34-C859-4A1A-95D6-FC89952E1910}"
	ProjectSection(ProjectDependencies) = postProject
		{BD3A95FA-A3DE-4B79-A889-A7E5ECA4B69C} = {BD3A95FA-A3DE-4B79-A889-A7E5ECA4B69C}
	EndProjectSection
EndProject
Project("{8BC9CEB8-8B4A-11D0-8D11-00A0C91BC942}") = "libfvalue", "libfvalue\libfvalue.vcproj", "{5B2101CC-F4B7-49C3-99B7-32D5D3F3CC66}"
	ProjectSection(ProjectDependencies) = postProject
		{BD3A95FA-A3DE-4B79-A889-A7E5ECA4B69C} = {BD3A95FA-A3DE-4B79-A889-A7E5ECA4B69C}
		{2CC4A985-74E1-4194-98C7-0A2123615748} = {2CC4A985-74E1-4194-98C7-0A2123615748}
		{B9332DC8-7594-47DF-80C1-38922E0F4DFB} = {B9332DC8-7594-47DF-80C1-38922E0F4DFB}
		{5304AD69-D449-4589-B2C9-E4607E56A51D} = {5304AD69-D449-4589-B2C9-E4607E56A51D}
		{BC27FF34-C859-4A1A-95D6-FC89952E1910} = {BC27FF34-C859-4A1A-95D6-FC89952E1910}
		{8C13E498-6369-4792-A0CF-B7134C54561B} = {8C13E498-6369-4792-A0CF-B7134C54561B}
	EndProjectSection
EndProject
Project("{8BC9CEB8-8B4A-11D0-8D11-00A0C91BC942}") = "libcerror", "libcerror\libcerror.vcproj", "{BD3A95FA-A3DE-4B79-A889-A7E5ECA4B69C}"
EndProject
Project("{8BC9CEB8-8B4A-11D0-8D11-00A0C91BC942}") = "libcnotify", "libcnotify\libcnotify.vcproj", "{5304AD69-D449-4589-B2C9-E4607E56A51D}"
	ProjectSection(ProjectDependencies) = postProject
		{BD3A95FA-A3DE-4B79-A889-A7E5ECA4B69C} = {BD3A95FA-A3DE-4B79-A889-A7E5ECA4B69C}
	EndProjectSection
EndProject
Project("{8BC9CEB8-8B4A-11D0-8D11-00A0C91BC942}") = "pyfvde", "pyfvde\pyfvde.vcproj", "{F34B43C9-31A2-41C6-B0F7-4055BA6DE9D7}"
	ProjectSection(ProjectDependencies) = postProject
		{BD3A95FA-A3DE-4B79-A889-A7E5ECA4B69C} = {BD3A95FA-A3DE-4B79-A889-A7E5ECA4B69C}
		{542112B5-4CA5-4EA9-B28D-0BACEFE72AC9} = {542112B5-4CA5-4EA9-B28D-0BACEFE72AC9}
		{B9332DC8-7594-47DF-80C1-38922E0F4DFB} = {B9332DC8-7594-47DF-80C1-38922E0F4DFB}
		{CEDF8919-00B2-4D8A-88CC-84ADB2D2FF89} = {CEDF8919-00B2-4D8A-88CC-84ADB2D2FF89}
		{B86FB73A-4ACC-42DE-9545-586D93955B06} = {B86FB73A-4ACC-42DE-9545-586D93955B06}
		{BC27FF34-C859-4A1A-95D6-FC89952E1910} = {BC27FF34-C859-4A1A-95D6-FC89952E1910}
		{4C93BDD3-1804-47F3-9B34-F2DE0CAE1AE0} = {4C93BDD3-1804-47F3-9B34-F2DE0CAE1AE0}
		{3FFB9C05-1145-45A7-9ADE-5C8D70FBD7CA} = {3FFB9C05-1145-45A7-9ADE-5C8D70FBD7CA}
		{41CFAFBF-A1C8-4704-AFEF-31979E6452B9} = {41CFAFBF-A1C8-4704-AFEF-31979E6452B9}
		{8C13E498-6369-4792-A0CF-B7134C54561B} = {8C13E498-6369-4792-A0CF-B7134C54561B}
	EndProjectSection
EndProject
Project("{8BC9CEB8-8B4A-11D0-8D11-00A0C91BC942}") = "libfvde", "libfvde\libfvde.vcproj", "{542112B5-4CA5-4EA9-B28D-0BACEFE72AC9}"
	ProjectSection(ProjectDependencies) = postProject
		{BD3A95FA-A3DE-4B79-A889-A7E5ECA4B69C} = {BD3A95FA-A3DE-4B79-A889-A7E5ECA4B69C}
		{2CC4A985-74E1-4194-98C7-0A2123615748} = {2CC4A985-74E1-4194-98C7-0A2123615748}
		{B9332DC8-7594-47DF-80C1-38922E0F4DFB} = {B9332DC8-7594-47DF-80C1-38922E0F4DFB}
		{CEDF8919-00B2-4D8A-88CC-84ADB2D2FF89} = {CEDF8919-00B2-4D8A-88CC-84ADB2D2FF89}
		{5304AD69-D449-4589-B2C9-E4607E56A51D} = {5304AD69-D449-4589-B2C9-E4607E56A51D}
		{B86FB73A-4ACC-42DE-9545-586D93955B06} = {B86FB73A-4ACC-42DE-9545-586D93955B06}
		{BC27FF34-C859-4A1A-95D6-FC89952E1910} = {BC27FF34-C859-4A1A-95D6-FC89952E1910}
		{4C93BDD3-1804-47F3-9B34-F2DE0CAE1AE0} = {4C93BDD3-1804-47F3-9B34-F2DE0CAE1AE0}
		{3FFB9C05-1145-45A7-9ADE-5C8D70FBD7CA} = {3FFB9C05-1145-45A7-9ADE-5C8D70FBD7CA}
		{41CFAFBF-A1C8-4704-AFEF-31979E6452B9} = {41CFAFBF-A1C8-4704-AFEF-31979E6452B9}
		{3D19EAAD-9195-468B-BC5B-D147A89CA4F5} = {3D19EAAD-9195-468B-BC5B-D147A89CA4F5}
		{F94DCC2D-2B49-453E-89B3-FD81992677D0} = {F94DCC2D-2B49-453E-89B3-FD81992677D0}
		{8C13E498-6369-4792-A0CF-B7134C54561B} = {8C13E498-6369-4792-A0CF-B7134C54561B}
		{5B2101CC-F4B7-49C3-99B7-32D5D3F3CC66} = {5B2101CC-F4B7-49C3-99B7-32D5D3F3CC66}
		{062E5AF8-1380-4E56-B380-03408D236C80} = {062E5AF8-1380-4E56-B380-03408D236C80}
		{296B7770-E247-4800-B938-AEC6CC82DE2F} = {296B7770-E247-4800-B938-AEC6CC82DE2F}
		{D6DC307C-0CA0-4144-BB19-9C43B476280F} = {D6DC307C-0CA0-4144-BB19-9C43B476280F}
		{E2E45353-D420-4921-A2CF-59D9047262F8} = {E2E45353-D420-4921-A2CF-59D9047262F8}
	EndProjectSection
EndProject
Project("{8BC9CEB8-8B4A-11D0-8D11-00A0C91BC942}") = "libfdata", "libfdata\libfdata.vcproj", "{F94DCC2D-2B49-453E-89B3-FD81992677D0}"
	ProjectSection(ProjectDependencies) = postProject
		{BD3A95FA-A3DE-4B79-A889-A7E5ECA4B69C} = {BD3A95FA-A3DE-4B79-A889-A7E5ECA4B69C}
		{2CC4A985-74E1-4194-98C7-0A2123615748} = {2CC4A985-74E1-4194-98C7-0A2123615748}
		{B9332DC8-7594-47DF-80C1-38922E0F4DFB} = {B9332DC8-7594-47DF-80C1-38922E0F4DFB}
		{5304AD69-D449-4589-B2C9-E4607E56A51D} = {5304AD69-D449-4589-B2C9-E4607E56A51D}
		{3D19EAAD-9195-468B-BC5B-D147A89CA4F5} = {3D19EAAD-9195-468B-BC5B-D147A89CA4F5}
	EndProjectSection
EndProject
Project("{8BC9CEB8-8B4A-11D0-8D11-00A0C91BC942}") = "libcdata", "libcdata\libcdata.vcproj", "{B9332DC8-7594-47DF-80C1-38922E0F4DFB}"
	ProjectSection(ProjectDependencies) = postProject
		{BD3A95FA-A3DE-4B79-A889-A7E5ECA4B69C} = {BD3A95FA-A3DE-4B79-A889-A7E5ECA4B69C}
		{2CC4A985-74E1-4194-98C7-0A2123615748} = {2CC4A985-74E1-4194-98C7-0A2123615748}
	EndProjectSection
EndProject
Project("{8BC9CEB8-8B4A-11D0-8D11-00A0C91BC942}") = "libcsplit", "libcsplit\libcsplit.vcproj", "{B86FB73A-4ACC-42DE-9545-586D93955B06}"
	ProjectSection(ProjectDependencies) = postProject
		{BD3A95FA-A3DE-4B79-A889-A7E5ECA4B69C} = {BD3A95FA-A3DE-4B79-A889-A7E5ECA4B69C}
	EndProjectSection
EndProject
Project("{8BC9CEB8-8B4A-11D0-8D11-00A0C91BC942}") = "zlib", "zlib\zlib.vcproj", "{296B7770-E247-4800-B938-AEC6CC82DE2F}"
EndProject
Global
	GlobalSection(SolutionConfigurationPlatforms) = preSolution
		Release|Win32 = Release|Win32
		VSDebug|Win32 = VSDebug|Win32
	EndGlobalSection
	GlobalSection(ProjectConfigurationPlatforms) = postSolution
		{3D19EAAD-9195-468B-BC5B-D147A89CA4F5}.Release|Win32.ActiveCfg = Release|Win32
		{3D19EAAD-9195-468B-BC5B-D147A89CA4F5}.Release|Win32.Build.0 = Release|Win32
		{3D19EAAD-9195-468B-BC5B-D147A89CA4F5}.VSDebug|Win32.ActiveCfg = VSDebug|Win32
		{3D19EAAD-9195-468B-BC5B-D147A89CA4F5}.VSDebug|Win32.Build.0 = VSDebug|Win32
		{8C13E498-6369-4792-A0CF-B7134C54561B}.Release|Win32.ActiveCfg = Release|Win32
		{8C13E498-6369-4792-A0CF-B7134C54561B}.Release|Win32.Build.0 = Release|Win32
		{8C13E498-6369-4792-A0CF-B7134C54561B}.VSDebug|Win32.ActiveCfg = VSDebug|Win32
		{8C13E498-6369-4792-A0CF-B7134C54561B}.VSDebug|Win32.Build.0 = VSDebug|Win32
		{3461C1AF-3F77-429A-8553-369BB9F4B3EB}.Release|Win32.ActiveCfg = Release|Win32
		{3461C1AF-3F77-429A-8553-369BB9F4B3EB}.Release|Win32.Build.0 = Release|Win32
		{3461C1AF-3F77-429A-8553-369BB9F4B3EB}.VSDebug|Win32.ActiveCfg = VSDebug|Win32
		{3461C1AF-3F77-429A-8553-369BB9F4B3EB}.VSDebug|Win32.Build.0 = VSDebug|Win32
		{3BF3D2D0-BFD9-4FA8-8501-75CBB2097DAA}.Release|Win32.ActiveCfg = Release|Win32
		{3BF3D2D0-BFD9-4FA8-8501-75CBB2097DAA}.Release|Win32.Build.0 = Release|Win32
		{3BF3D2D0-BFD9-4FA8-8501-75CBB2097DAA}.VSDebug|Win32.ActiveCfg = VSDebug|Win32
		{3BF3D2D0-BFD9-4FA8-8501-75CBB2097DAA}.VSDebug|Win32.Build.0 = VSDebug|Win32
		{BF82D180-7E2A-4A81-B91A-9AC177984BB0}.Release|Win32.ActiveCfg = Release|Win32
		{BF82D180-7E2A-4A81-B91A-9AC177984BB0}.Release|Win32.Build.0 = Release|Win32
		{BF82D180-7E2A-4A81-B91A-9AC177984BB0}.VSDebug|Win32.ActiveCfg = VSDebug|Win32
		{BF82D180-7E2A-4A81-B91A-9AC177984BB0}.VSDebug|Win32.Build.0 = VSDebug|Win32
		{F0B57900-443D-41BB-A913-8F7B1D4B17F5}.Release|Win32.ActiveCfg = Release|Win32
		{F0B57900-443D-41BB-A913-8F7B1D4B17F5}.Release|Win32.Build.0 = Release|Win32
		{F0B57900-443D-41BB-A913-8F7B1D4B17F5}.VSDebug|Win32.ActiveCfg = VSDebug|Win32
		{F0B57900-443D-41BB-A913-8F7B1D4B17F5}.VSDebug|Win32.Build.0 = VSDebug|Win32
		{169EE05B-772B-4AB3-8978-7764C658B985}.Release|Win32.ActiveCfg = Release|Win32
		{169EE05B-772B-4AB3-8978-7764C658B985}.Release|Win32.Build.0 = Release|Win32
		{169EE05B-772B-4AB3-8978-7764C658B985}.VSDebug|Win32.ActiveCfg = VSDebug|Win32
		{169EE05B-772B-4AB3-8978-7764C658B985}.VSDebug|Win32.Build.0 = VSDebug|Win32
		{2B735B83-1DDC-43A6-8607-0ECA8B6CED3C}.Release|Win32.ActiveCfg = Release|Win32
		{2B735B83-1DDC-43A6-8607-0ECA8B6CED3C}.Release|Win32.Build.0 = Release|Win32
		{2B735B83-1DDC-43A6-8607-0ECA8B6CED3C}.VSDebug|Win32.ActiveCfg = VSDebug|Win32
		{2B735B83-1DDC-43A6-8607-0ECA8B6CED3C}.VSDebug|Win32.Build.0 = VSDebug|Win32
		{8002CE15-A04F-485F-85D0-4E3FFC4BEFD2}.Release|Win32.ActiveCfg = Release|Win32
		{8002CE15-A04F-485F-85D0-4E3FFC4BEFD2}.Release|Win32.Build.0 = Release|Win32
		{8002CE15-A04F-485F-85D0-4E3FFC4BEFD2}.VSDebug|Win32.ActiveCfg = VSDebug|Win32
		{8002CE15-A04F-485F-85D0-4E3FFC4BEFD2}.VSDebug|Win32.Build.0 = VSDebug|Win32
		{113A9C16-D29F-4633-A3F2-D7ED2BCA2753}.Release|Win32.ActiveCfg = Release|Win32
		{113A9C16-D29F-4633-A3F2-D7ED2BCA2753}.Release|Win32.Build.0 = Release|Win32
		{113A9C16-D29F-4633-A3F2-D7ED2BCA2753}.VSDebug|Win32.ActiveCfg = VSDebug|Win32
		{113A9C16-D29F-4633-A3F2-D7ED2BCA2753}.VSDebug|Win32.Build.0 = VSDebug|Win32
		{5C9F43AA-B83C-4221-90AD-853ABFD0D684}.Release|Win32.ActiveCfg = Release|Win32
		{5C9F43AA-B83C-4221-90AD-853ABFD0D684}.Release|Win32.Build.0 = Release|Win32
		{5C9F43AA-B83C-4221-90AD-853ABFD0D684}.VSDebug|Win32.ActiveCfg = VSDebug|Win32
		{5C9F43AA-B83C-4221-90AD-853ABFD0D684}.VSDebug|Win32.Build.0 = VSDebug|Win32
		{3C1B03C4-28B2-4265-B411-C6E25D6234E2}.Release|Win32.ActiveCfg = Release|Win32
		{3C1B03C4-28B2-4265-B411-C6E25D6234E2}.Release|Win32.Build.0 = Release|Win32
		{3C1B03C4-28B2-4265-B411-C6E25D6234E2}.VSDebug|Win32.ActiveCfg = VSDebug|Win32
		{3C1B03C4-28B2-4265-B411-C6E25D6234E2}.VSDebug|Win32.Build.0 = VSDebug|Win32
		{7AA6780C-6AB7-473C-B1DE-CF0FB4C3C1DE}.Release|Win32.ActiveCfg = Release|Win32
		{7AA6780C-6AB7-473C-B1DE-CF0FB4C3C1DE}.Release|Win32.Build.0 = Release|Win32
		{7AA6780C-6AB7-473C-B1DE-CF0FB4C3C1DE}.VSDebug|Win32.ActiveCfg = VSDebug|Win32
		{7AA6780C-6AB7-473C-B1DE-CF0FB4C3C1DE}.VSDebug|Win32.Build.0 = VSDebug|Win32
		{58C764F2-E6FC-4616-9434-31A02BD81F38}.Release|Win32.ActiveCfg = Release|Win32
		{58C764F2-E6FC-4616-9434-31A02BD81F38}.Release|Win32.Build.0 = Release|Win32
		{58C764F2-E6FC-4616-9434-31A02BD81F38}.VSDebug|Win32.ActiveCfg = VSDebug|Win32
		{58C764F2-E6FC-4616-9434-31A02BD81F38}.VSDebug|Win32.Build.0 = VSDebug|Win32
		{E7B5372C-D45E-428E-B633-130CDB0ADFF7}.Release|Win32.ActiveCfg = Release|Win32
		{E7B5372C-D45E-428E-B633-130CDB0ADFF7}.Release|Win32.Build.0 = Release|Win32
		{E7B5372C-D45E-428E-B633-130CDB0ADFF7}.VSDebug|Win32.ActiveCfg = VSDebug|Win32
		{E7B5372C-D45E-428E-B633-130CDB0ADFF7}.VSDebug|Win32.Build.0 = VSDebug|Win32
		{EA08FBDC-2AC1-4736-856B-30AF3B884ADC}.Release|Win32.ActiveCfg = Release|Win32
		{EA08FBDC-2AC1-4736-856B-30AF3B884ADC}.Release|Win32.Build.0 = Release|Win32
		{EA08FBDC-2AC1-4736-856B-30AF3B884ADC}.VSDebug|Win32.ActiveCfg = VSDebug|Win32
		{EA08FBDC-2AC1-4736-856B-30AF3B884ADC}.VSDebug|Win32.Build.0 = VSDebug|Win32
		{7BA02380-21A7-42E3-9D7B-1F13DEE206D3}.Release|Win32.ActiveCfg = Release|Win32
		{7BA02380-21A7-42E3-9D7B-1F13DEE206D3}.Release|Win32.Build.0 = Release|Win32
		{7BA02380-21A7-42E3-9D7B-1F13DEE206D3}.VSDebug|Win32.ActiveCfg = VSDebug|Win32
		{7BA02380-21A7-42E3-9D7B-1F13DEE206D3}.VSDebug|Win32.Build.0 = VSDebug|Win32
		{AF41FB39-005C-4A4E-AEBC-03A01F26E38D}.Release|Win32.ActiveCfg = Release|Win32
		{AF41FB39-005C-4A4E-AEBC-03A01F26E38D}.Release|Win32.Build.0 = Release|Win32
		{AF41FB39-005C-4A4E-AEBC-03A01F26E38D}.VSDebug|Win32.ActiveCfg = VSDebug|Win32
		{AF41FB39-005C-4A4E-AEBC-03A01F26E38D}.VSDebug|Win32.Build.0 = VSDebug|Win32
		{970D5201-D5F3-4F0C-B3A1-935B5CBE7ED9}.Release|Win32.ActiveCfg = Release|Win32
		{970D5201-D5F3-4F0C-B3A1-935B5CBE7ED9}.Release|Win32.Build.0 = Release|Win32
		{970D5201-D5F3-4F0C-B3A1-935B5CBE7ED9}.VSDebug|Win32.ActiveCfg = VSDebug|Win32
		{970D5201-D5F3-4F0C-B3A1-935B5CBE7ED9}.VSDebug|Win32.Build.0 = VSDebug|Win32
		{8166485A-9438-443D-AB48-0215F829DE16}.Release|Win32.ActiveCfg = Release|Win32
		{8166485A-9438-443D-AB48-0215F829DE16}.Release|Win32.Build.0 = Release|Win32
		{8166485A-9438-443D-AB48-0215F829DE16}.VSDebug|Win32.ActiveCfg = VSDebug|Win32
		{8166485A-9438-443D-AB48-0215F829DE16}.VSDebug|Win32.Build.0 = VSDebug|Win32
		{B9769032-481B-4A3C-B446-8670D4D89E4E}.Release|Win32.ActiveCfg = Release|Win32
		{B9769032-481B-4A3C-B446-8670D4D89E4E}.Release|Win32.Build.0 = Release|Win32
		{B9769032-481B-4A3C-B446-8670D4D89E4E}.VSDebug|Win32.ActiveCfg = VSDebug|Win32
		{B9769032-481B-4A3C-B446-8670D4D89E4E}.VSDebug|Win32.Build.0 = VSDebug|Win32
		{0AE7208E-9D33-42C3-A958-ECEAAE2FFDF9}.Release|Win32.ActiveCfg = Release|Win32
		{0AE7208E-9D33-42C3-A958-ECEAAE2FFDF9}.Release|Win32.Build.0 = Release|Win32
		{0AE7208E-9D33-42C3-A958-ECEAAE2FFDF9}.VSDebug|Win32.ActiveCfg = VSDebug|Win32
		{0AE7208E-9D33-42C3-A958-ECEAAE2FFDF9}.VSDebug|Win32.Build.0 = VSDebug|Win32
		{981FC3E7-933E-4A57-8DAF-AF571C483F41}.Release|Win32.ActiveCfg = Release|Win32
		{981FC3E7-933E-4A57-8DAF-AF571C483F41}.Release|Win32.Build.0 = Release|Win32
		{981FC3E7-933E-4A57-8DAF-AF571C483F41}.VSDebug|Win32.ActiveCfg = VSDebug|Win32
		{981FC3E7-933E-4A57-8DAF-AF571C483F41}.VSDebug|Win32.Build.0 = VSDebug|Win32
		{9385BA1E-9F23-4096-AB4E-9E07A4FF6C46}.Release|Win32.ActiveCfg = Release|Win32
		{9385BA1E-9F23-4096-AB4E-9E07A4FF6C46}.Release|Win32.Build.0 = Release|Win32
		{9385BA1E-9F23-4096-AB4E-9E07A4FF6C46}.VSDebug|Win32.ActiveCfg = VSDebug|Win32
		{9385BA1E-9F23-4096-AB4E-9E07A4FF6C46}.VSDebug|Win32.Build.0 = VSDebug|Win32
		{CE7963A8-5F02-480C-A65F-C4708675F745}.Release|Win32.ActiveCfg = Release|Win32
		{CE7963A8-5F02-480C-A65F-C4708675F745}.Release|Win32.Build.0 = Release|Win32
		{CE7963A8-5F02-480C-A65F-C4708675F745}.VSDebug|Win32.ActiveCfg = VSDebug|Win32
		{CE7963A8-5F02-480C-A65F-C4708675F745}.VSDebug|Win32.Build.0 = VSDebug|Win32
		{BF36B0A6-F5E0-4DE6-B9DF-A6197D6B8868}.Release|Win32.ActiveCfg = Release|Win32
		{BF36B0A6-F5E0-4DE6-B9DF-A6197D6B8868}.Release|Win32.Build.0 = Release|Win32
		{BF36B0A6-F5E0-4DE6-B9DF-A6197D6B8868}.VSDebug|Win32.ActiveCfg = VSDebug|Win32
		{BF36B0A6-F5E0-4DE6-B9DF-A6197D6B8868}.VSDebug|Win32.Build.0 = VSDebug|Win32
		{F44C582A-8EAB-433E-ADB7-478FFEF63D88}.Release|Win32.ActiveCfg = Release|Win32
		{F44C582A-8EAB-433E-ADB7-478FFEF63D88}.Release|Win32.Build.0 = Release|Win32
		{F44C582A-8EAB-433E-ADB7-478FFEF63D88}.VSDebug|Win32.ActiveCfg = VSDebug|Win32
		{F44C582A-8EAB-433E-ADB7-478FFEF63D88}.VSDebug|Win32.Build.0 = VSDebug|Win32
		{086B0679-3ABC-4DA9-A83C-ACE07E944E69}.Release|Win32.ActiveCfg = Release|Win32
		{086B0679-3ABC-4DA9-A83C-ACE07E944E69}.Release|Win32.Build.0 = Release|Win32
		{086B0679-3ABC-4DA9-A83C-ACE07E944E69}.VSDebug|Win32.ActiveCfg = VSDebug|Win32
		{086B0679-3ABC-4DA9-A83C-ACE07E944E69}.VSDebug|Win32.Build.0 = VSDebug|Win32
		{19B335CD-1089-446C-87AD-D1EC00CCB3D4}.Release|Win32.ActiveCfg = Release|Win32
		{19B335CD-1089-446C-87AD-D1EC00CCB3D4}.Release|Win32.Build.0 = Release|Win32
		{19B335CD-1089-446C-87AD-D1EC00CCB3D4}.VSDebug|Win32.ActiveCfg = VSDebug|Win32
		{19B335CD-1089-446C-87AD-D1EC00CCB3D4}.VSDebug|Win32.Build.0 = VSDebug|Win32
		{CEDF8919-00B2-4D8A-88CC-84ADB2D2FF89}.Release|Win32.ActiveCfg = Release|Win32
		{CEDF8919-00B2-4D8A-88CC-84ADB2D2FF89}.Release|Win32.Build.0 = Release|Win32
		{CEDF8919-00B2-4D8A-88CC-84ADB2D2FF89}.VSDebug|Win32.ActiveCfg = VSDebug|Win32
		{CEDF8919-00B2-4D8A-88CC-84ADB2D2FF89}.VSDebug|Win32.Build.0 = VSDebug|Win32
		{41CFAFBF-A1C8-4704-AFEF-31979E6452B9}.Release|Win32.ActiveCfg = Release|Win32
		{41CFAFBF-A1C8-4704-AFEF-31979E6452B9}.Release|Win32.Build.0 = Release|Win32
		{41CFAFBF-A1C8-4704-AFEF-31979E6452B9}.VSDebug|Win32.ActiveCfg = VSDebug|Win32
		{41CFAFBF-A1C8-4704-AFEF-31979E6452B9}.VSDebug|Win32.Build.0 = VSDebug|Win32
		{E2E45353-D420-4921-A2CF-59D9047262F8}.Release|Win32.ActiveCfg = Release|Win32
		{E2E45353-D420-4921-A2CF-59D9047262F8}.Release|Win32.Build.0 = Release|Win32
		{E2E45353-D420-4921-A2CF-59D9047262F8}.VSDebug|Win32.ActiveCfg = VSDebug|Win32
		{E2E45353-D420-4921-A2CF-59D9047262F8}.VSDebug|Win32.Build.0 = VSDebug|Win32
		{062E5AF8-1380-4E56-B380-03408D236C80}.Release|Win32.ActiveCfg = Release|Win32
		{062E5AF8-1380-4E56-B380-03408D236C80}.Release|Win32.Build.0 = Release|Win32
		{062E5AF8-1380-4E56-B380-03408D236C80}.VSDebug|Win32.ActiveCfg = VSDebug|Win32
		{062E5AF8-1380-4E56-B380-03408D236C80}.VSDebug|Win32.Build.0 = VSDebug|Win32
		{4C93BDD3-1804-47F3-9B34-F2DE0CAE1AE0}.Release|Win32.ActiveCfg = Release|Win32
		{4C93BDD3-1804-47F3-9B34-F2DE0CAE1AE0}.Release|Win32.Build.0 = Release|Win32
		{4C93BDD3-1804-47F3-9B34-F2DE0CAE1AE0}.VSDebug|Win32.ActiveCfg = VSDebug|Win32
		{4C93BDD3-1804-47F3-9B34-F2DE0CAE1AE0}.VSDebug|Win32.Build.0 = VSDebug|Win32
		{2CC4A985-74E1-4194-98C7-0A2123615748}.Release|Win32.ActiveCfg = Release|Win32
		{2CC4A985-74E1-4194-98C7-0A2123615748}.Release|Win32.Build.0 = Release|Win32
		{2CC4A985-74E1-4194-98C7-0A2123615748}.VSDebug|Win32.ActiveCfg = VSDebug|Win32
		{2CC4A985-74E1-4194-98C7-0A2123615748}.VSDebug|Win32.Build.0 = VSDebug|Win32
		{A7545354-5D50-49F6-A3D0-1F97F6228955}.Release|Win32.ActiveCfg = Release|Win32
		{A7545354-5D50-49F6-A3D0-1F97F6228955}.Release|Win32.Build.0 = Release|Win32
		{A7545354-5D50-49F6-A3D0-1F97F6228955}.VSDebug|Win32.ActiveCfg = VSDebug|Win32
		{A7545354-5D50-49F6-A3D0-1F97F6228955}.VSDebug|Win32.Build.0 = VSDebug|Win32
		{E00F6D5D-CA13-4CB1-AC3C-BA96B517FCFD}.Release|Win32.ActiveCfg = Release|Win32
		{E00F6D5D-CA13-4CB1-AC3C-BA96B517FCFD}.Release|Win32.Build.0 = Release|Win32
		{E00F6D5D-CA13-4CB1-AC3C-BA96B517FCFD}.VSDebug|Win32.ActiveCfg = VSDebug|Win32
		{E00F6D5D-CA13-4CB1-AC3C-BA96B517FCFD}.VSDebug|Win32.Build.0 = VSDebug|Win32
		{E7DDE1A9-2B57-4167-956D-4FE4F2E065A1}.Release|Win32.ActiveCfg = Release|Win32
		{E7DDE1A9-2B57-4167-956D-4FE4F2E065A1}.Release|Win32.Build.0 = Release|Win32
		{E7DDE1A9-2B57-4167-956D-4FE4F2E065A1}.VSDebug|Win32.ActiveCfg = VSDebug|Win32
		{E7DDE1A9-2B57-4167-956D-4FE4F2E065A1}.VSDebug|Win32.Build.0 = VSDebug|Win32
		{3FFB9C05-1145-45A7-9ADE-5C8D70FBD7CA}.Release|Win32.ActiveCfg = Release|Win32
		{3FFB9C05-1145-45A7-9ADE-5C8D70FBD7CA}.Release|Win32.Build.0 = Release|Win32
		{3FFB9C05-1145-45A7-9ADE-5C8D70FBD7CA}.VSDebug|Win32.ActiveCfg = VSDebug|Win32
		{3FFB9C05-1145-45A7-9ADE-5C8D70FBD7CA}.VSDebug|Win32.Build.0 = VSDebug|Win32
		{D6DC307C-0CA0-4144-BB19-9C43B476280F}.Release|Win32.ActiveCfg = Release|Win32
		{D6DC307C-0CA0-4144-BB19-9C43B476280F}.Release|Win32.Build.0 = Release|Win32
		{D6DC307C-0CA0-4144-BB19-9C43B476280F}.VSDebug|Win32.ActiveCfg = VSDebug|Win32
		{D6DC307C-0CA0-4144-BB19-9C43B476280F}.VSDebug|Win32.Build.0 = VSDebug|Win32
		{BC27FF34-C859-4A1A-95D6-FC89952E1910}.Release|Win32.ActiveCfg = Release|Win32
		{BC27FF34-C859-4A1A-95D6-FC89952E1910}.Release|Win32.Build.0 = Release|Win32
		{BC27FF34-C859-4A1A-95D6-FC89952E1910}.VSDebug|Win32.ActiveCfg = VSDebug|Win32
		{BC27FF34-C859-4A1A-95D6-FC89952E1910}.VSDebug|Win32.Build.0 = VSDebug|Win32
		{5B2101CC-F4B7-49C3-99B7-32D5D3F3CC66}.Release|Win32.ActiveCfg = Release|Win32
		{5B2101CC-F4B7-49C3-99B7-32D5D3F3CC66}.Release|Win32.Build.0 = Release|Win32
		{5B2101CC-F4B7-49C3-99B7-32D5D3F3CC66}.VSDebug|Win32.ActiveCfg = VSDebug|Win32
		{5B2101CC-F4B7-49C3-99B7-32D5D3F3CC66}.VSDebug|Win32.Build.0 = VSDebug|Win32
		{BD3A95FA-A3DE-4B79-A889-A7E5ECA4B69C}.Release|Win32.ActiveCfg = Release|Win32
		{BD3A95FA-A3DE-4B79-A889-A7E5ECA4B69C}.Release|Win32.Build.0 = Release|Win32
		{BD3A95FA-A3DE-4B79-A889-A7E5ECA4B69C}.VSDebug|Win32.ActiveCfg = VSDebug|Win32
		{BD3A95FA-A3DE-4B79-A889-A7E5ECA4B69C}.VSDebug|Win32.Build.0 = VSDebug|Win32
		{5304AD69-D449-4589-B2C9-E4607E56A51D}.Release|Win32.ActiveCfg = Release|Win32
		{5304AD69-D449-4589-B2C9-E4607E56A51D}.Release|Win32.Build.0 = Release|Win32
		{5304AD69-D449-4589-B2C9-E4607E56A51D}.VSDebug|Win32.ActiveCfg = VSDebug|Win32
		{5304AD69-D449-4589-B2C9-E4607E56A51D}.VSDebug|Win32.Build.0 = VSDebug|Win32
		{F34B43C9-31A2-41C6-B0F7-4055BA6DE9D7}.Release|Win32.ActiveCfg = Release|Win32
		{F34B43C9-31A2-41C6-B0F7-4055BA6DE9D7}.Release|Win32.Build.0 = Release|Win32
		{F34B43C9-31A2-41C6-B0F7-4055BA6DE9D7}.VSDebug|Win32.ActiveCfg = VSDebug|Win32
		{F34B43C9-31A2-41C6-B0F7-4055BA6DE9D7}.VSDebug|Win32.Build.0 = VSDebug|Win32
		{542112B5-4CA5-4EA9-B28D-0BACEFE72AC9}.Release|Win32.ActiveCfg = Release|Win32
		{542112B5-4CA5-4EA9-B28D-0BACEFE72AC9}.Release|Win32.Build.0 = Release|Win32
		{542112B5-4CA5-4EA9-B28D-0BACEFE72AC9}.VSDebug|Win32.ActiveCfg = VSDebug|Win32
		{542112B5-4CA5-4EA9-B28D-0BACEFE72AC9}.VSDebug|Win32.Build.0 = VSDebug|Win32
		{F94DCC2D-2B49-453E-89B3-FD81992677D0}.Release|Win32.ActiveCfg = Release|Win32
		{F94DCC2D-2B49-453E-89B3-FD81992677D0}.Release|Win32.Build.0 = Release|Win32
		{F94DCC2D-2B49-453E-89B3-FD81992677D0}.VSDebug|Win32.ActiveCfg = VSDebug|Win32
		{F94DCC2D-2B49-453E-89B3-FD81992677D0}.VSDebug|Win32.Build.0 = VSDebug|Win32
		{B9332DC8-7594-47DF-80C1-38922E0F4DFB}.Release|Win32.ActiveCfg = Release|Win32
		{B9332DC8-7594-47DF-80C1-38922E0F4DFB}.Release|Win32.Build.0 = Release|Win32
		{B9332DC8-7594-47DF-80C1-38922E0F4DFB}.VSDebug|Win32.ActiveCfg = VSDebug|Win32
		{B9332DC8-7594-47DF-80C1-38922E0F4DFB}.VSDebug|Win32.Build.0 = VSDebug|Win32
		{B86FB73A-4ACC-42DE-9545-586D93955B06}.Release|Win32.ActiveCfg = Release|Win32
		{B86FB73A-4ACC-42DE-9545-586D93955B06}.Release|Win32.Build.0 = Release|Win32
		{B86FB73A-4ACC-42DE-9545-586D93955B06}.VSDebug|Win32.ActiveCfg = VSDebug|Win32
		{B86FB73A-4ACC-42DE-9545-586D93955B06}.VSDebug|Win32.Build.0 = VSDebug|Win32
		{296B7770-E247-4800-B938-AEC6CC82DE2F}.Release|Win32.ActiveCfg = Release|Win32
		{296B7770-E247-4800-B938-AEC6CC82DE2F}.Release|Win32.Build.0 = Release|Win32
		{296B7770-E247-4800-B938-AEC6CC82DE2F}.VSDebug|Win32.ActiveCfg = VSDebug|Win32
		{296B7770-E247-4800-B938-AEC6CC82DE2F}.VSDebug|Win32.Build.0 = VSDebug|Win32
	EndGlobalSection
	GlobalSection(SolutionProperties) = preSolution
		HideSolutionNode = FALSE
	EndGlobalSection
EndGlobal
